
Microsoft Visual Studio Solution File, Format Version 12.00
# Visual Studio 2013
VisualStudioVersion = 12.0.30324.0
MinimumVisualStudioVersion = 10.0.40219.1
Project("{FAE04EC0-301F-11D3-BF4B-00C04F79EFBC}") = "Mumble.NET", "Mumble.NET.csproj", "{53EC3A4D-7F05-4DEB-B015-209AE407CA41}"
EndProject
Project("{2150E333-8FDC-42A3-9474-1A3956D46DE8}") = ".nuget", ".nuget", "{1A61F4E2-B859-442A-A4A5-C43430C4122E}"
	ProjectSection(SolutionItems) = preProject
		.nuget\packages.config = .nuget\packages.config
	EndProjectSection
EndProject
Global
	GlobalSection(SolutionConfigurationPlatforms) = preSolution
		Debug|Any CPU = Debug|Any CPU
		Release|Any CPU = Release|Any CPU
	EndGlobalSection
	GlobalSection(ProjectConfigurationPlatforms) = postSolution
		{53EC3A4D-7F05-4DEB-B015-209AE407CA41}.Debug|Any CPU.ActiveCfg = Debug|Any CPU
		{53EC3A4D-7F05-4DEB-B015-209AE407CA41}.Debug|Any CPU.Build.0 = Debug|Any CPU
		{53EC3A4D-7F05-4DEB-B015-209AE407CA41}.Release|Any CPU.ActiveCfg = Release|Any CPU
		{53EC3A4D-7F05-4DEB-B015-209AE407CA41}.Release|Any CPU.Build.0 = Release|Any CPU
	EndGlobalSection
	GlobalSection(SolutionProperties) = preSolution
		HideSolutionNode = FALSE
	EndGlobalSection
EndGlobal
